// !$*UTF8*$!
{
	archiveVersion = 1;
	classes = {
	};
	objectVersion = 55;
	objects = {

/* Begin PBXBuildFile section */
		E803D24E28CF6493009607C1 /* Coin.swift in Sources */ = {isa = PBXBuildFile; fileRef = E803D24D28CF6493009607C1 /* Coin.swift */; };
		E80BD32628E21450008C8ECE /* HeaderHomeView.swift in Sources */ = {isa = PBXBuildFile; fileRef = E80BD32528E21450008C8ECE /* HeaderHomeView.swift */; };
		E80E9EF2290A9190007952DE /* WalletConnect in Frameworks */ = {isa = PBXBuildFile; productRef = E80E9EF1290A9190007952DE /* WalletConnect */; };
		E815786128FEFF3C00E79D1D /* HapticManager.swift in Sources */ = {isa = PBXBuildFile; fileRef = E815786028FEFF3C00E79D1D /* HapticManager.swift */; };
		E818C64828F60B0500AAE77A /* SearchBarView.swift in Sources */ = {isa = PBXBuildFile; fileRef = E818C64728F60B0500AAE77A /* SearchBarView.swift */; };
		E818C64C28F95DF100AAE77A /* UIAplication.swift in Sources */ = {isa = PBXBuildFile; fileRef = E818C64B28F95DF100AAE77A /* UIAplication.swift */; };
		E81B3F20290684E5004A3E5E /* DetailView.swift in Sources */ = {isa = PBXBuildFile; fileRef = E81B3F1F290684E5004A3E5E /* DetailView.swift */; };
		E827CD2428DCB3B60054A08F /* TopButtonView.swift in Sources */ = {isa = PBXBuildFile; fileRef = E827CD2328DCB3B60054A08F /* TopButtonView.swift */; };
		E827CD2628DDD9890054A08F /* TopButtonAnimationView.swift in Sources */ = {isa = PBXBuildFile; fileRef = E827CD2528DDD9890054A08F /* TopButtonAnimationView.swift */; };
		E868D02328C55264006EEF79 /* CryptoCurrency_SwiftUIApp.swift in Sources */ = {isa = PBXBuildFile; fileRef = E868D02228C55264006EEF79 /* CryptoCurrency_SwiftUIApp.swift */; };
		E868D02728C55267006EEF79 /* Assets.xcassets in Resources */ = {isa = PBXBuildFile; fileRef = E868D02628C55267006EEF79 /* Assets.xcassets */; };
		E868D02A28C55267006EEF79 /* Preview Assets.xcassets in Resources */ = {isa = PBXBuildFile; fileRef = E868D02928C55267006EEF79 /* Preview Assets.xcassets */; };
		E87E605628C659A70049D447 /* AllCoinsView.swift in Sources */ = {isa = PBXBuildFile; fileRef = E87E605528C659A70049D447 /* AllCoinsView.swift */; };
		E87E605828C659BA0049D447 /* AllCoinsCellView.swift in Sources */ = {isa = PBXBuildFile; fileRef = E87E605728C659BA0049D447 /* AllCoinsCellView.swift */; };
		E882A4BB28D360610077E14F /* Kingfisher in Frameworks */ = {isa = PBXBuildFile; productRef = E882A4BA28D360610077E14F /* Kingfisher */; };
		E882A4BD28D361670077E14F /* Double.swift in Sources */ = {isa = PBXBuildFile; fileRef = E882A4BC28D361670077E14F /* Double.swift */; };
		E88D140828C6218E001A83C8 /* HomeView.swift in Sources */ = {isa = PBXBuildFile; fileRef = E88D140728C6218E001A83C8 /* HomeView.swift */; };
		E88D140A28C6250A001A83C8 /* TopMoversView.swift in Sources */ = {isa = PBXBuildFile; fileRef = E88D140928C6250A001A83C8 /* TopMoversView.swift */; };
		E88D140C28C62518001A83C8 /* TopMoversItemsView.swift in Sources */ = {isa = PBXBuildFile; fileRef = E88D140B28C62518001A83C8 /* TopMoversItemsView.swift */; };
		E89C451328C7D27D004570BF /* HomeViewModel.swift in Sources */ = {isa = PBXBuildFile; fileRef = E89C451228C7D27D004570BF /* HomeViewModel.swift */; };
		E8BBBDC728EDAF8100C94BA5 /* NetworkingManager.swift in Sources */ = {isa = PBXBuildFile; fileRef = E8BBBDC628EDAF8100C94BA5 /* NetworkingManager.swift */; };
		E8D15F7428EB0BA900E3AF37 /* PortfolioView.swift in Sources */ = {isa = PBXBuildFile; fileRef = E8D15F7328EB0BA900E3AF37 /* PortfolioView.swift */; };
		E8D15F7728EB1A8F00E3AF37 /* CoinDataService.swift in Sources */ = {isa = PBXBuildFile; fileRef = E8D15F7628EB1A8F00E3AF37 /* CoinDataService.swift */; };
		E8F3850228DBA5BD00C97F37 /* Color.swift in Sources */ = {isa = PBXBuildFile; fileRef = E8F3850128DBA5BD00C97F37 /* Color.swift */; };
/* End PBXBuildFile section */

/* Begin PBXFileReference section */
		E803D24D28CF6493009607C1 /* Coin.swift */ = {isa = PBXFileReference; lastKnownFileType = sourcecode.swift; path = Coin.swift; sourceTree = "<group>"; };
		E80BD32528E21450008C8ECE /* HeaderHomeView.swift */ = {isa = PBXFileReference; lastKnownFileType = sourcecode.swift; path = HeaderHomeView.swift; sourceTree = "<group>"; };
		E815786028FEFF3C00E79D1D /* HapticManager.swift */ = {isa = PBXFileReference; lastKnownFileType = sourcecode.swift; path = HapticManager.swift; sourceTree = "<group>"; };
		E818C64728F60B0500AAE77A /* SearchBarView.swift */ = {isa = PBXFileReference; lastKnownFileType = sourcecode.swift; path = SearchBarView.swift; sourceTree = "<group>"; };
		E818C64B28F95DF100AAE77A /* UIAplication.swift */ = {isa = PBXFileReference; lastKnownFileType = sourcecode.swift; path = UIAplication.swift; sourceTree = "<group>"; };
		E81B3F1F290684E5004A3E5E /* DetailView.swift */ = {isa = PBXFileReference; lastKnownFileType = sourcecode.swift; path = DetailView.swift; sourceTree = "<group>"; };
		E827CD2328DCB3B60054A08F /* TopButtonView.swift */ = {isa = PBXFileReference; lastKnownFileType = sourcecode.swift; path = TopButtonView.swift; sourceTree = "<group>"; };
		E827CD2528DDD9890054A08F /* TopButtonAnimationView.swift */ = {isa = PBXFileReference; lastKnownFileType = sourcecode.swift; path = TopButtonAnimationView.swift; sourceTree = "<group>"; };
		E868D01F28C55264006EEF79 /* CryptoCurrency SwiftUI.app */ = {isa = PBXFileReference; explicitFileType = wrapper.application; includeInIndex = 0; path = "CryptoCurrency SwiftUI.app"; sourceTree = BUILT_PRODUCTS_DIR; };
		E868D02228C55264006EEF79 /* CryptoCurrency_SwiftUIApp.swift */ = {isa = PBXFileReference; lastKnownFileType = sourcecode.swift; path = CryptoCurrency_SwiftUIApp.swift; sourceTree = "<group>"; };
		E868D02628C55267006EEF79 /* Assets.xcassets */ = {isa = PBXFileReference; lastKnownFileType = folder.assetcatalog; path = Assets.xcassets; sourceTree = "<group>"; };
		E868D02928C55267006EEF79 /* Preview Assets.xcassets */ = {isa = PBXFileReference; lastKnownFileType = folder.assetcatalog; path = "Preview Assets.xcassets"; sourceTree = "<group>"; };
		E87E605528C659A70049D447 /* AllCoinsView.swift */ = {isa = PBXFileReference; lastKnownFileType = sourcecode.swift; path = AllCoinsView.swift; sourceTree = "<group>"; };
		E87E605728C659BA0049D447 /* AllCoinsCellView.swift */ = {isa = PBXFileReference; lastKnownFileType = sourcecode.swift; path = AllCoinsCellView.swift; sourceTree = "<group>"; };
		E882A4BC28D361670077E14F /* Double.swift */ = {isa = PBXFileReference; lastKnownFileType = sourcecode.swift; path = Double.swift; sourceTree = "<group>"; };
		E88D140728C6218E001A83C8 /* HomeView.swift */ = {isa = PBXFileReference; lastKnownFileType = sourcecode.swift; path = HomeView.swift; sourceTree = "<group>"; };
		E88D140928C6250A001A83C8 /* TopMoversView.swift */ = {isa = PBXFileReference; lastKnownFileType = sourcecode.swift; path = TopMoversView.swift; sourceTree = "<group>"; };
		E88D140B28C62518001A83C8 /* TopMoversItemsView.swift */ = {isa = PBXFileReference; lastKnownFileType = sourcecode.swift; path = TopMoversItemsView.swift; sourceTree = "<group>"; };
		E89C451228C7D27D004570BF /* HomeViewModel.swift */ = {isa = PBXFileReference; lastKnownFileType = sourcecode.swift; path = HomeViewModel.swift; sourceTree = "<group>"; };
		E8BBBDC628EDAF8100C94BA5 /* NetworkingManager.swift */ = {isa = PBXFileReference; lastKnownFileType = sourcecode.swift; path = NetworkingManager.swift; sourceTree = "<group>"; };
		E8D15F7328EB0BA900E3AF37 /* PortfolioView.swift */ = {isa = PBXFileReference; lastKnownFileType = sourcecode.swift; path = PortfolioView.swift; sourceTree = "<group>"; };
		E8D15F7628EB1A8F00E3AF37 /* CoinDataService.swift */ = {isa = PBXFileReference; lastKnownFileType = sourcecode.swift; path = CoinDataService.swift; sourceTree = "<group>"; };
		E8F3850128DBA5BD00C97F37 /* Color.swift */ = {isa = PBXFileReference; lastKnownFileType = sourcecode.swift; path = Color.swift; sourceTree = "<group>"; };
/* End PBXFileReference section */

/* Begin PBXFrameworksBuildPhase section */
		E868D01C28C55264006EEF79 /* Frameworks */ = {
			isa = PBXFrameworksBuildPhase;
			buildActionMask = 2147483647;
			files = (
				E80E9EF2290A9190007952DE /* WalletConnect in Frameworks */,
				E882A4BB28D360610077E14F /* Kingfisher in Frameworks */,
			);
			runOnlyForDeploymentPostprocessing = 0;
		};
/* End PBXFrameworksBuildPhase section */

/* Begin PBXGroup section */
		E81B3F1C290684A7004A3E5E /* Detail */ = {
			isa = PBXGroup;
			children = (
				E81B3F1E290684C6004A3E5E /* Views */,
				E81B3F1D290684B3004A3E5E /* ViewModels */,
			);
			path = Detail;
			sourceTree = "<group>";
		};
		E81B3F1D290684B3004A3E5E /* ViewModels */ = {
			isa = PBXGroup;
			children = (
			);
			path = ViewModels;
			sourceTree = "<group>";
		};
		E81B3F1E290684C6004A3E5E /* Views */ = {
			isa = PBXGroup;
			children = (
				E81B3F1F290684E5004A3E5E /* DetailView.swift */,
			);
			path = Views;
			sourceTree = "<group>";
		};
		E827CD2128DCB3690054A08F /* Components */ = {
			isa = PBXGroup;
			children = (
				E827CD2228DCB3970054A08F /* TopButton */,
			);
			path = Components;
			sourceTree = "<group>";
		};
		E827CD2228DCB3970054A08F /* TopButton */ = {
			isa = PBXGroup;
			children = (
				E827CD2328DCB3B60054A08F /* TopButtonView.swift */,
				E827CD2528DDD9890054A08F /* TopButtonAnimationView.swift */,
			);
			path = TopButton;
			sourceTree = "<group>";
		};
		E868D01628C55264006EEF79 = {
			isa = PBXGroup;
			children = (
				E868D02128C55264006EEF79 /* CryptoCurrency SwiftUI */,
				E868D02028C55264006EEF79 /* Products */,
			);
			sourceTree = "<group>";
		};
		E868D02028C55264006EEF79 /* Products */ = {
			isa = PBXGroup;
			children = (
				E868D01F28C55264006EEF79 /* CryptoCurrency SwiftUI.app */,
			);
			name = Products;
			sourceTree = "<group>";
		};
		E868D02128C55264006EEF79 /* CryptoCurrency SwiftUI */ = {
			isa = PBXGroup;
			children = (
				E868D02628C55267006EEF79 /* Assets.xcassets */,
				E88D140328C6211A001A83C8 /* App */,
				E88D140028C62116001A83C8 /* Core */,
				E88D140128C62118001A83C8 /* Models */,
				E868D02828C55267006EEF79 /* Preview Content */,
				E8D15F7528EB1A3200E3AF37 /* Services */,
				E88D13FF28C62115001A83C8 /* Utils */,
			);
			path = "CryptoCurrency SwiftUI";
			sourceTree = "<group>";
		};
		E868D02828C55267006EEF79 /* Preview Content */ = {
			isa = PBXGroup;
			children = (
				E868D02928C55267006EEF79 /* Preview Assets.xcassets */,
			);
			path = "Preview Content";
			sourceTree = "<group>";
		};
		E88D13FF28C62115001A83C8 /* Utils */ = {
			isa = PBXGroup;
			children = (
				E8BBBDC628EDAF8100C94BA5 /* NetworkingManager.swift */,
				E815786028FEFF3C00E79D1D /* HapticManager.swift */,
			);
			path = Utils;
			sourceTree = "<group>";
		};
		E88D140028C62116001A83C8 /* Core */ = {
			isa = PBXGroup;
			children = (
				E827CD2128DCB3690054A08F /* Components */,
				E88D140428C6216E001A83C8 /* Home */,
			);
			path = Core;
			sourceTree = "<group>";
		};
		E88D140128C62118001A83C8 /* Models */ = {
			isa = PBXGroup;
			children = (
				E803D24D28CF6493009607C1 /* Coin.swift */,
			);
			path = Models;
			sourceTree = "<group>";
		};
		E88D140228C62119001A83C8 /* Extension */ = {
			isa = PBXGroup;
			children = (
				E882A4BC28D361670077E14F /* Double.swift */,
				E8F3850128DBA5BD00C97F37 /* Color.swift */,
				E818C64B28F95DF100AAE77A /* UIAplication.swift */,
			);
			path = Extension;
			sourceTree = "<group>";
		};
		E88D140328C6211A001A83C8 /* App */ = {
			isa = PBXGroup;
			children = (
				E868D02228C55264006EEF79 /* CryptoCurrency_SwiftUIApp.swift */,
			);
			path = App;
			sourceTree = "<group>";
		};
		E88D140428C6216E001A83C8 /* Home */ = {
			isa = PBXGroup;
			children = (
				E81B3F1C290684A7004A3E5E /* Detail */,
				E88D140628C6217A001A83C8 /* ViewModel */,
				E88D140528C62174001A83C8 /* View */,
			);
			path = Home;
			sourceTree = "<group>";
		};
		E88D140528C62174001A83C8 /* View */ = {
			isa = PBXGroup;
			children = (
				E88D140728C6218E001A83C8 /* HomeView.swift */,
				E88D140928C6250A001A83C8 /* TopMoversView.swift */,
				E88D140B28C62518001A83C8 /* TopMoversItemsView.swift */,
				E87E605528C659A70049D447 /* AllCoinsView.swift */,
				E87E605728C659BA0049D447 /* AllCoinsCellView.swift */,
				E80BD32528E21450008C8ECE /* HeaderHomeView.swift */,
				E8D15F7328EB0BA900E3AF37 /* PortfolioView.swift */,
				E818C64728F60B0500AAE77A /* SearchBarView.swift */,
			);
			path = View;
			sourceTree = "<group>";
		};
		E88D140628C6217A001A83C8 /* ViewModel */ = {
			isa = PBXGroup;
			children = (
				E89C451228C7D27D004570BF /* HomeViewModel.swift */,
			);
			path = ViewModel;
			sourceTree = "<group>";
		};
		E8D15F7528EB1A3200E3AF37 /* Services */ = {
			isa = PBXGroup;
			children = (
				E8D15F7628EB1A8F00E3AF37 /* CoinDataService.swift */,
				E88D140228C62119001A83C8 /* Extension */,
			);
			path = Services;
			sourceTree = "<group>";
		};
/* End PBXGroup section */

/* Begin PBXNativeTarget section */
		E868D01E28C55264006EEF79 /* CryptoCurrency SwiftUI */ = {
			isa = PBXNativeTarget;
			buildConfigurationList = E868D02D28C55267006EEF79 /* Build configuration list for PBXNativeTarget "CryptoCurrency SwiftUI" */;
			buildPhases = (
				E868D01B28C55264006EEF79 /* Sources */,
				E868D01C28C55264006EEF79 /* Frameworks */,
				E868D01D28C55264006EEF79 /* Resources */,
			);
			buildRules = (
			);
			dependencies = (
			);
			name = "CryptoCurrency SwiftUI";
			packageProductDependencies = (
				E882A4BA28D360610077E14F /* Kingfisher */,
				E80E9EF1290A9190007952DE /* WalletConnect */,
			);
			productName = "CryptoCurrency SwiftUI";
			productReference = E868D01F28C55264006EEF79 /* CryptoCurrency SwiftUI.app */;
			productType = "com.apple.product-type.application";
		};
/* End PBXNativeTarget section */

/* Begin PBXProject section */
		E868D01728C55264006EEF79 /* Project object */ = {
			isa = PBXProject;
			attributes = {
				BuildIndependentTargetsInParallel = 1;
				LastSwiftUpdateCheck = 1340;
				LastUpgradeCheck = 1340;
				TargetAttributes = {
					E868D01E28C55264006EEF79 = {
						CreatedOnToolsVersion = 13.4.1;
					};
				};
			};
			buildConfigurationList = E868D01A28C55264006EEF79 /* Build configuration list for PBXProject "CryptoCurrency SwiftUI" */;
			compatibilityVersion = "Xcode 13.0";
			developmentRegion = en;
			hasScannedForEncodings = 0;
			knownRegions = (
				en,
				Base,
			);
			mainGroup = E868D01628C55264006EEF79;
			packageReferences = (
				E882A4B928D360610077E14F /* XCRemoteSwiftPackageReference "Kingfisher" */,
				E80E9EF0290A9190007952DE /* XCRemoteSwiftPackageReference "WalletConnectSwiftV2" */,
			);
			productRefGroup = E868D02028C55264006EEF79 /* Products */;
			projectDirPath = "";
			projectRoot = "";
			targets = (
				E868D01E28C55264006EEF79 /* CryptoCurrency SwiftUI */,
			);
		};
/* End PBXProject section */

/* Begin PBXResourcesBuildPhase section */
		E868D01D28C55264006EEF79 /* Resources */ = {
			isa = PBXResourcesBuildPhase;
			buildActionMask = 2147483647;
			files = (
				E868D02A28C55267006EEF79 /* Preview Assets.xcassets in Resources */,
				E868D02728C55267006EEF79 /* Assets.xcassets in Resources */,
			);
			runOnlyForDeploymentPostprocessing = 0;
		};
/* End PBXResourcesBuildPhase section */

/* Begin PBXSourcesBuildPhase section */
		E868D01B28C55264006EEF79 /* Sources */ = {
			isa = PBXSourcesBuildPhase;
			buildActionMask = 2147483647;
			files = (
				E8BBBDC728EDAF8100C94BA5 /* NetworkingManager.swift in Sources */,
				E827CD2428DCB3B60054A08F /* TopButtonView.swift in Sources */,
				E8D15F7428EB0BA900E3AF37 /* PortfolioView.swift in Sources */,
				E803D24E28CF6493009607C1 /* Coin.swift in Sources */,
				E88D140A28C6250A001A83C8 /* TopMoversView.swift in Sources */,
				E8D15F7728EB1A8F00E3AF37 /* CoinDataService.swift in Sources */,
				E815786128FEFF3C00E79D1D /* HapticManager.swift in Sources */,
				E87E605628C659A70049D447 /* AllCoinsView.swift in Sources */,
				E87E605828C659BA0049D447 /* AllCoinsCellView.swift in Sources */,
				E80BD32628E21450008C8ECE /* HeaderHomeView.swift in Sources */,
				E89C451328C7D27D004570BF /* HomeViewModel.swift in Sources */,
				E818C64828F60B0500AAE77A /* SearchBarView.swift in Sources */,
				E8F3850228DBA5BD00C97F37 /* Color.swift in Sources */,
				E81B3F20290684E5004A3E5E /* DetailView.swift in Sources */,
				E818C64C28F95DF100AAE77A /* UIAplication.swift in Sources */,
				E88D140828C6218E001A83C8 /* HomeView.swift in Sources */,
				E88D140C28C62518001A83C8 /* TopMoversItemsView.swift in Sources */,
				E827CD2628DDD9890054A08F /* TopButtonAnimationView.swift in Sources */,
				E882A4BD28D361670077E14F /* Double.swift in Sources */,
				E868D02328C55264006EEF79 /* CryptoCurrency_SwiftUIApp.swift in Sources */,
			);
			runOnlyForDeploymentPostprocessing = 0;
		};
/* End PBXSourcesBuildPhase section */

/* Begin XCBuildConfiguration section */
		E868D02B28C55267006EEF79 /* Debug */ = {
			isa = XCBuildConfiguration;
			buildSettings = {
				ALWAYS_SEARCH_USER_PATHS = NO;
				CLANG_ANALYZER_NONNULL = YES;
				CLANG_ANALYZER_NUMBER_OBJECT_CONVERSION = YES_AGGRESSIVE;
				CLANG_CXX_LANGUAGE_STANDARD = "gnu++17";
				CLANG_ENABLE_MODULES = YES;
				CLANG_ENABLE_OBJC_ARC = YES;
				CLANG_ENABLE_OBJC_WEAK = YES;
				CLANG_WARN_BLOCK_CAPTURE_AUTORELEASING = YES;
				CLANG_WARN_BOOL_CONVERSION = YES;
				CLANG_WARN_COMMA = YES;
				CLANG_WARN_CONSTANT_CONVERSION = YES;
				CLANG_WARN_DEPRECATED_OBJC_IMPLEMENTATIONS = YES;
				CLANG_WARN_DIRECT_OBJC_ISA_USAGE = YES_ERROR;
				CLANG_WARN_DOCUMENTATION_COMMENTS = YES;
				CLANG_WARN_EMPTY_BODY = YES;
				CLANG_WARN_ENUM_CONVERSION = YES;
				CLANG_WARN_INFINITE_RECURSION = YES;
				CLANG_WARN_INT_CONVERSION = YES;
				CLANG_WARN_NON_LITERAL_NULL_CONVERSION = YES;
				CLANG_WARN_OBJC_IMPLICIT_RETAIN_SELF = YES;
				CLANG_WARN_OBJC_LITERAL_CONVERSION = YES;
				CLANG_WARN_OBJC_ROOT_CLASS = YES_ERROR;
				CLANG_WARN_QUOTED_INCLUDE_IN_FRAMEWORK_HEADER = YES;
				CLANG_WARN_RANGE_LOOP_ANALYSIS = YES;
				CLANG_WARN_STRICT_PROTOTYPES = YES;
				CLANG_WARN_SUSPICIOUS_MOVE = YES;
				CLANG_WARN_UNGUARDED_AVAILABILITY = YES_AGGRESSIVE;
				CLANG_WARN_UNREACHABLE_CODE = YES;
				CLANG_WARN__DUPLICATE_METHOD_MATCH = YES;
				COPY_PHASE_STRIP = NO;
				DEBUG_INFORMATION_FORMAT = dwarf;
				ENABLE_STRICT_OBJC_MSGSEND = YES;
				ENABLE_TESTABILITY = YES;
				GCC_C_LANGUAGE_STANDARD = gnu11;
				GCC_DYNAMIC_NO_PIC = NO;
				GCC_NO_COMMON_BLOCKS = YES;
				GCC_OPTIMIZATION_LEVEL = 0;
				GCC_PREPROCESSOR_DEFINITIONS = (
					"DEBUG=1",
					"$(inherited)",
				);
				GCC_WARN_64_TO_32_BIT_CONVERSION = YES;
				GCC_WARN_ABOUT_RETURN_TYPE = YES_ERROR;
				GCC_WARN_UNDECLARED_SELECTOR = YES;
				GCC_WARN_UNINITIALIZED_AUTOS = YES_AGGRESSIVE;
				GCC_WARN_UNUSED_FUNCTION = YES;
				GCC_WARN_UNUSED_VARIABLE = YES;
				IPHONEOS_DEPLOYMENT_TARGET = 15.5;
				MTL_ENABLE_DEBUG_INFO = INCLUDE_SOURCE;
				MTL_FAST_MATH = YES;
				ONLY_ACTIVE_ARCH = YES;
				SDKROOT = iphoneos;
				SWIFT_ACTIVE_COMPILATION_CONDITIONS = DEBUG;
				SWIFT_OPTIMIZATION_LEVEL = "-Onone";
			};
			name = Debug;
		};
		E868D02C28C55267006EEF79 /* Release */ = {
			isa = XCBuildConfiguration;
			buildSettings = {
				ALWAYS_SEARCH_USER_PATHS = NO;
				CLANG_ANALYZER_NONNULL = YES;
				CLANG_ANALYZER_NUMBER_OBJECT_CONVERSION = YES_AGGRESSIVE;
				CLANG_CXX_LANGUAGE_STANDARD = "gnu++17";
				CLANG_ENABLE_MODULES = YES;
				CLANG_ENABLE_OBJC_ARC = YES;
				CLANG_ENABLE_OBJC_WEAK = YES;
				CLANG_WARN_BLOCK_CAPTURE_AUTORELEASING = YES;
				CLANG_WARN_BOOL_CONVERSION = YES;
				CLANG_WARN_COMMA = YES;
				CLANG_WARN_CONSTANT_CONVERSION = YES;
				CLANG_WARN_DEPRECATED_OBJC_IMPLEMENTATIONS = YES;
				CLANG_WARN_DIRECT_OBJC_ISA_USAGE = YES_ERROR;
				CLANG_WARN_DOCUMENTATION_COMMENTS = YES;
				CLANG_WARN_EMPTY_BODY = YES;
				CLANG_WARN_ENUM_CONVERSION = YES;
				CLANG_WARN_INFINITE_RECURSION = YES;
				CLANG_WARN_INT_CONVERSION = YES;
				CLANG_WARN_NON_LITERAL_NULL_CONVERSION = YES;
				CLANG_WARN_OBJC_IMPLICIT_RETAIN_SELF = YES;
				CLANG_WARN_OBJC_LITERAL_CONVERSION = YES;
				CLANG_WARN_OBJC_ROOT_CLASS = YES_ERROR;
				CLANG_WARN_QUOTED_INCLUDE_IN_FRAMEWORK_HEADER = YES;
				CLANG_WARN_RANGE_LOOP_ANALYSIS = YES;
				CLANG_WARN_STRICT_PROTOTYPES = YES;
				CLANG_WARN_SUSPICIOUS_MOVE = YES;
				CLANG_WARN_UNGUARDED_AVAILABILITY = YES_AGGRESSIVE;
				CLANG_WARN_UNREACHABLE_CODE = YES;
				CLANG_WARN__DUPLICATE_METHOD_MATCH = YES;
				COPY_PHASE_STRIP = NO;
				DEBUG_INFORMATION_FORMAT = "dwarf-with-dsym";
				ENABLE_NS_ASSERTIONS = NO;
				ENABLE_STRICT_OBJC_MSGSEND = YES;
				GCC_C_LANGUAGE_STANDARD = gnu11;
				GCC_NO_COMMON_BLOCKS = YES;
				GCC_WARN_64_TO_32_BIT_CONVERSION = YES;
				GCC_WARN_ABOUT_RETURN_TYPE = YES_ERROR;
				GCC_WARN_UNDECLARED_SELECTOR = YES;
				GCC_WARN_UNINITIALIZED_AUTOS = YES_AGGRESSIVE;
				GCC_WARN_UNUSED_FUNCTION = YES;
				GCC_WARN_UNUSED_VARIABLE = YES;
				IPHONEOS_DEPLOYMENT_TARGET = 15.5;
				MTL_ENABLE_DEBUG_INFO = NO;
				MTL_FAST_MATH = YES;
				SDKROOT = iphoneos;
				SWIFT_COMPILATION_MODE = wholemodule;
				SWIFT_OPTIMIZATION_LEVEL = "-O";
				VALIDATE_PRODUCT = YES;
			};
			name = Release;
		};
		E868D02E28C55267006EEF79 /* Debug */ = {
			isa = XCBuildConfiguration;
			buildSettings = {
				ASSETCATALOG_COMPILER_APPICON_NAME = AppIcon;
				ASSETCATALOG_COMPILER_GLOBAL_ACCENT_COLOR_NAME = AccentColor;
				CODE_SIGN_STYLE = Automatic;
				CURRENT_PROJECT_VERSION = 1;
				DEVELOPMENT_ASSET_PATHS = "\"CryptoCurrency SwiftUI/Preview Content\"";
				DEVELOPMENT_TEAM = VMLJ6G75K8;
				ENABLE_PREVIEWS = YES;
				GENERATE_INFOPLIST_FILE = YES;
				INFOPLIST_KEY_UIApplicationSceneManifest_Generation = YES;
				INFOPLIST_KEY_UIApplicationSupportsIndirectInputEvents = YES;
				INFOPLIST_KEY_UILaunchScreen_Generation = YES;
				INFOPLIST_KEY_UIStatusBarStyle = "";
				INFOPLIST_KEY_UISupportedInterfaceOrientations = UIInterfaceOrientationPortrait;
				IPHONEOS_DEPLOYMENT_TARGET = 16.0;
				LD_RUNPATH_SEARCH_PATHS = (
					"$(inherited)",
					"@executable_path/Frameworks",
				);
				MARKETING_VERSION = 1.0;
				PRODUCT_BUNDLE_IDENTIFIER = "DmitrySokoltsov.CryptoCurrency-SwiftUI";
				PRODUCT_NAME = "$(TARGET_NAME)";
				SWIFT_EMIT_LOC_STRINGS = YES;
				SWIFT_VERSION = 5.0;
				TARGETED_DEVICE_FAMILY = "1,2";
			};
			name = Debug;
		};
		E868D02F28C55267006EEF79 /* Release */ = {
			isa = XCBuildConfiguration;
			buildSettings = {
				ASSETCATALOG_COMPILER_APPICON_NAME = AppIcon;
				ASSETCATALOG_COMPILER_GLOBAL_ACCENT_COLOR_NAME = AccentColor;
				CODE_SIGN_STYLE = Automatic;
				CURRENT_PROJECT_VERSION = 1;
				DEVELOPMENT_ASSET_PATHS = "\"CryptoCurrency SwiftUI/Preview Content\"";
				DEVELOPMENT_TEAM = VMLJ6G75K8;
				ENABLE_PREVIEWS = YES;
				GENERATE_INFOPLIST_FILE = YES;
				INFOPLIST_KEY_UIApplicationSceneManifest_Generation = YES;
				INFOPLIST_KEY_UIApplicationSupportsIndirectInputEvents = YES;
				INFOPLIST_KEY_UILaunchScreen_Generation = YES;
				INFOPLIST_KEY_UIStatusBarStyle = "";
				INFOPLIST_KEY_UISupportedInterfaceOrientations = UIInterfaceOrientationPortrait;
				IPHONEOS_DEPLOYMENT_TARGET = 16.0;
				LD_RUNPATH_SEARCH_PATHS = (
					"$(inherited)",
					"@executable_path/Frameworks",
				);
				MARKETING_VERSION = 1.0;
				PRODUCT_BUNDLE_IDENTIFIER = "DmitrySokoltsov.CryptoCurrency-SwiftUI";
				PRODUCT_NAME = "$(TARGET_NAME)";
				SWIFT_EMIT_LOC_STRINGS = YES;
				SWIFT_VERSION = 5.0;
				TARGETED_DEVICE_FAMILY = "1,2";
			};
			name = Release;
		};
/* End XCBuildConfiguration section */

/* Begin XCConfigurationList section */
		E868D01A28C55264006EEF79 /* Build configuration list for PBXProject "CryptoCurrency SwiftUI" */ = {
			isa = XCConfigurationList;
			buildConfigurations = (
				E868D02B28C55267006EEF79 /* Debug */,
				E868D02C28C55267006EEF79 /* Release */,
			);
			defaultConfigurationIsVisible = 0;
			defaultConfigurationName = Release;
		};
		E868D02D28C55267006EEF79 /* Build configuration list for PBXNativeTarget "CryptoCurrency SwiftUI" */ = {
			isa = XCConfigurationList;
			buildConfigurations = (
				E868D02E28C55267006EEF79 /* Debug */,
				E868D02F28C55267006EEF79 /* Release */,
			);
			defaultConfigurationIsVisible = 0;
			defaultConfigurationName = Release;
		};
/* End XCConfigurationList section */

/* Begin XCRemoteSwiftPackageReference section */
		E80E9EF0290A9190007952DE /* XCRemoteSwiftPackageReference "WalletConnectSwiftV2" */ = {
			isa = XCRemoteSwiftPackageReference;
			repositoryURL = "https://github.com/WalletConnect/WalletConnectSwiftV2";
			requirement = {
				kind = upToNextMajorVersion;
				minimumVersion = 0.5.0;
			};
		};
		E882A4B928D360610077E14F /* XCRemoteSwiftPackageReference "Kingfisher" */ = {
			isa = XCRemoteSwiftPackageReference;
			repositoryURL = "https://github.com/onevcat/Kingfisher.git";
			requirement = {
				kind = upToNextMajorVersion;
				minimumVersion = 7.0.0;
			};
		};
/* End XCRemoteSwiftPackageReference section */

/* Begin XCSwiftPackageProductDependency section */
		E80E9EF1290A9190007952DE /* WalletConnect */ = {
			isa = XCSwiftPackageProductDependency;
			package = E80E9EF0290A9190007952DE /* XCRemoteSwiftPackageReference "WalletConnectSwiftV2" */;
			productName = WalletConnect;
		};
		E882A4BA28D360610077E14F /* Kingfisher */ = {
			isa = XCSwiftPackageProductDependency;
			package = E882A4B928D360610077E14F /* XCRemoteSwiftPackageReference "Kingfisher" */;
			productName = Kingfisher;
		};
/* End XCSwiftPackageProductDependency section */
	};
	rootObject = E868D01728C55264006EEF79 /* Project object */;
}
